{
  "name": "online-resume",
  "version": "1.0.0",
  "lockfileVersion": 1,
  "requires": true,
  "dependencies": {
    "jquery-timelineme": {
      "version": "0.1.7",
      "resolved": "https://registry.npmjs.org/jquery-timelineme/-/jquery-timelineme-0.1.7.tgz",
      "integrity": "sha1-nl4fUROVjwb25YMO9jWrikt6gQc="
    }
  }
}
